<?xml version="1.0" encoding="utf-8"?>
<Project ToolsVersion="4.0" xmlns="http://schemas.microsoft.com/developer/msbuild/2003">
  <ItemGroup>
    <Filter Include="src">
      <UniqueIdentifier>{4eb169a0-bedc-43f0-8d4c-110529b3147a}</UniqueIdentifier>
    </Filter>
    <Filter Include="shaders">
      <UniqueIdentifier>{9607497b-1660-4ab1-8bc5-7e03a895e9d1}</UniqueIdentifier>
    </Filter>
    <Filter Include="Utl">
      <UniqueIdentifier>{5c1e1f5a-af07-4de1-aa42-1dd18915977f}</UniqueIdentifier>
    </Filter>
  </ItemGroup>
  <ItemGroup>
    <ClCompile Include="..\00_BellaUtil\Utl_Color.cpp">
      <Filter>Utl</Filter>
    </ClCompile>
    <ClCompile Include="..\00_BellaUtil\Utl_FileStreamHandler.cpp">
      <Filter>Utl</Filter>
    </ClCompile>
    <ClCompile Include="..\00_BellaUtil\Utl_Global.cpp">
      <Filter>Utl</Filter>
    </ClCompile>
    <ClCompile Include="..\00_BellaUtil\Utl_LogMsg.cpp">
      <Filter>Utl</Filter>
    </ClCompile>
    <ClCompile Include="..\00_BellaUtil\Utl_Math.cpp">
      <Filter>Utl</Filter>
    </ClCompile>
    <ClCompile Include="src\main.cpp">
      <Filter>src</Filter>
    </ClCompile>
    <ClCompile Include="src\Camera.cpp">
      <Filter>src</Filter>
    </ClCompile>
    <ClCompile Include="src\Shader.cpp">
      <Filter>src</Filter>
    </ClCompile>
    <ClCompile Include="src\Object.cpp">
      <Filter>src</Filter>
    </ClCompile>
    <ClCompile Include="..\00_BellaUtil\stb_image\stb_image.c">
      <Filter>Utl</Filter>
    </ClCompile>
    <ClCompile Include="..\00_BellaUtil\stb_image\stb_image_write.c">
      <Filter>Utl</Filter>
    </ClCompile>
    <ClCompile Include="Light.cpp">
      <Filter>src</Filter>
    </ClCompile>
    <ClCompile Include="Material.cpp">
      <Filter>src</Filter>
    </ClCompile>
  </ItemGroup>
  <ItemGroup>
    <ClInclude Include="..\00_BellaUtil\Utl_Color.h">
      <Filter>Utl</Filter>
    </ClInclude>
    <ClInclude Include="..\00_BellaUtil\Utl_FileStreamHandler.h">
      <Filter>Utl</Filter>
    </ClInclude>
    <ClInclude Include="..\00_BellaUtil\Utl_Global.h">
      <Filter>Utl</Filter>
    </ClInclude>
    <ClInclude Include="..\00_BellaUtil\Utl_Include.h">
      <Filter>Utl</Filter>
    </ClInclude>
    <ClInclude Include="..\00_BellaUtil\Utl_LogMsg.h">
      <Filter>Utl</Filter>
    </ClInclude>
    <ClInclude Include="..\00_BellaUtil\Utl_Math.h">
      <Filter>Utl</Filter>
    </ClInclude>
    <ClInclude Include="..\00_BellaUtil\Utl_Time.h">
      <Filter>Utl</Filter>
    </ClInclude>
    <ClInclude Include="src\Camera.h">
      <Filter>src</Filter>
    </ClInclude>
    <ClInclude Include="src\Shader.h">
      <Filter>src</Filter>
    </ClInclude>
    <ClInclude Include="src\Object.h">
      <Filter>src</Filter>
    </ClInclude>
    <ClInclude Include="..\00_BellaUtil\stb_image\stb_image.h">
      <Filter>Utl</Filter>
    </ClInclude>
    <ClInclude Include="..\00_BellaUtil\stb_image\stb_image_write.h">
      <Filter>Utl</Filter>
    </ClInclude>
    <ClInclude Include="Light.h">
      <Filter>src</Filter>
    </ClInclude>
    <ClInclude Include="Material.h">
      <Filter>src</Filter>
    </ClInclude>
  </ItemGroup>
  <ItemGroup>
    <Text Include="log\GL_LOG.txt" />
  </ItemGroup>
  <ItemGroup>
    <None Include="..\shaders\phong.frag">
      <Filter>shaders</Filter>
    </None>
    <None Include="..\shaders\phong.vert">
      <Filter>shaders</Filter>
    </None>
    <None Include="..\shaders\simple_lookAtCam.vert">
      <Filter>shaders</Filter>
    </None>
    <None Include="..\shaders\simple.frag">
      <Filter>shaders</Filter>
    </None>
  </ItemGroup>
</Project>